
Microsoft Visual Studio Solution File, Format Version 12.00
# Visual Studio 15
VisualStudioVersion = 15.0.28307.705
MinimumVisualStudioVersion = 10.0.40219.1
Project("{FAE04EC0-301F-11D3-BF4B-00C04F79EFBC}") = "SupermarketCheckoutBasketService", "SupermarketCheckoutBasketService\SupermarketCheckoutBasketService.csproj", "{74ABB57D-0095-4931-9A79-9B1A26FB2A3D}"
EndProject
Global
	GlobalSection(SolutionConfigurationPlatforms) = preSolution
		Debug|Any CPU = Debug|Any CPU
		Release|Any CPU = Release|Any CPU
	EndGlobalSection
	GlobalSection(ProjectConfigurationPlatforms) = postSolution
		{74ABB57D-0095-4931-9A79-9B1A26FB2A3D}.Debug|Any CPU.ActiveCfg = Debug|Any CPU
		{74ABB57D-0095-4931-9A79-9B1A26FB2A3D}.Debug|Any CPU.Build.0 = Debug|Any CPU
		{74ABB57D-0095-4931-9A79-9B1A26FB2A3D}.Release|Any CPU.ActiveCfg = Release|Any CPU
		{74ABB57D-0095-4931-9A79-9B1A26FB2A3D}.Release|Any CPU.Build.0 = Release|Any CPU
	EndGlobalSection
	GlobalSection(SolutionProperties) = preSolution
		HideSolutionNode = FALSE
	EndGlobalSection
	GlobalSection(ExtensibilityGlobals) = postSolution
		SolutionGuid = {BE347B77-AD2B-4830-AF53-6ABEE304B872}
	EndGlobalSection
EndGlobal
